
Microsoft Visual Studio Solution File, Format Version 12.00
Project("{FAE04EC0-301F-11D3-BF4B-00C04F79EFBC}") = "XrmFramework", "XrmFramework\XrmFramework.csproj", "{7D92EFD7-F5E9-4F76-8334-D51DEADCC56C}"
EndProject
Project("{FAE04EC0-301F-11D3-BF4B-00C04F79EFBC}") = "XrmFramework.Plugin", "XrmFramework.Plugin\XrmFramework.Plugin.csproj", "{6224BDF4-2293-4A6A-BDF9-DFAC18C08797}"
EndProject
Global
	GlobalSection(SolutionConfigurationPlatforms) = preSolution
		Debug|Any CPU = Debug|Any CPU
		Release|Any CPU = Release|Any CPU
	EndGlobalSection
	GlobalSection(ProjectConfigurationPlatforms) = postSolution
		{7D92EFD7-F5E9-4F76-8334-D51DEADCC56C}.Debug|Any CPU.ActiveCfg = Debug|Any CPU
		{7D92EFD7-F5E9-4F76-8334-D51DEADCC56C}.Debug|Any CPU.Build.0 = Debug|Any CPU
		{7D92EFD7-F5E9-4F76-8334-D51DEADCC56C}.Release|Any CPU.ActiveCfg = Release|Any CPU
		{7D92EFD7-F5E9-4F76-8334-D51DEADCC56C}.Release|Any CPU.Build.0 = Release|Any CPU
		{6224BDF4-2293-4A6A-BDF9-DFAC18C08797}.Debug|Any CPU.ActiveCfg = Debug|Any CPU
		{6224BDF4-2293-4A6A-BDF9-DFAC18C08797}.Debug|Any CPU.Build.0 = Debug|Any CPU
		{6224BDF4-2293-4A6A-BDF9-DFAC18C08797}.Release|Any CPU.ActiveCfg = Release|Any CPU
		{6224BDF4-2293-4A6A-BDF9-DFAC18C08797}.Release|Any CPU.Build.0 = Release|Any CPU
	EndGlobalSection
EndGlobal
